<?xml version="1.0" encoding="utf-8"?>
<Project ToolsVersion="4.0" xmlns="http://schemas.microsoft.com/developer/msbuild/2003">
  <ItemGroup>
    <Filter Include="Confuse">
      <UniqueIdentifier>{B8982A34-2478-A9CF-2D90-34A699EE0F31}</UniqueIdentifier>
    </Filter>
  </ItemGroup>
  <ItemGroup>
    <ClInclude Include="src\Confuse\Application.h">
      <Filter>Confuse</Filter>
    </ClInclude>
    <ClInclude Include="src\Confuse\Core.h">
      <Filter>Confuse</Filter>
    </ClInclude>
    <ClInclude Include="src\Confuse\EntryPoint.h">
      <Filter>Confuse</Filter>
    </ClInclude>
    <ClInclude Include="src\Confuse\Log.h">
      <Filter>Confuse</Filter>
    </ClInclude>
    <ClInclude Include="src\ConfuseEngine.h" />
  </ItemGroup>
  <ItemGroup>
    <ClCompile Include="src\Confuse\Application.cpp">
      <Filter>Confuse</Filter>
    </ClCompile>
    <ClCompile Include="src\Confuse\Log.cpp">
      <Filter>Confuse</Filter>
    </ClCompile>
  </ItemGroup>
</Project>